
Microsoft Visual Studio Solution File, Format Version 12.00
# Visual Studio Version 17
VisualStudioVersion = 17.6.33829.357
MinimumVisualStudioVersion = 10.0.40219.1
Project("{FAE04EC0-301F-11D3-BF4B-00C04F79EFBC}") = "Controle c#", "Controle c#\Controle c#.csproj", "{97AE45F5-C8AE-498E-8BA5-8D2AFBD076CF}"
EndProject
Global
	GlobalSection(SolutionConfigurationPlatforms) = preSolution
		Debug|Any CPU = Debug|Any CPU
		Release|Any CPU = Release|Any CPU
	EndGlobalSection
	GlobalSection(ProjectConfigurationPlatforms) = postSolution
		{97AE45F5-C8AE-498E-8BA5-8D2AFBD076CF}.Debug|Any CPU.ActiveCfg = Debug|Any CPU
		{97AE45F5-C8AE-498E-8BA5-8D2AFBD076CF}.Debug|Any CPU.Build.0 = Debug|Any CPU
		{97AE45F5-C8AE-498E-8BA5-8D2AFBD076CF}.Release|Any CPU.ActiveCfg = Release|Any CPU
		{97AE45F5-C8AE-498E-8BA5-8D2AFBD076CF}.Release|Any CPU.Build.0 = Release|Any CPU
	EndGlobalSection
	GlobalSection(SolutionProperties) = preSolution
		HideSolutionNode = FALSE
	EndGlobalSection
	GlobalSection(ExtensibilityGlobals) = postSolution
		SolutionGuid = {990547E2-CA12-4663-A1D9-4A5B2130DC86}
	EndGlobalSection
EndGlobal
